
Microsoft Visual Studio Solution File, Format Version 12.00
# Visual Studio Version 16
VisualStudioVersion = 16.0.30804.86
MinimumVisualStudioVersion = 10.0.40219.1
Project("{9A19103F-16F7-4668-BE54-9A1E7A4F7556}") = "Backend", "Backend\Backend.csproj", "{5727F157-211A-40E5-A9C2-81528D199614}"
EndProject
Project("{9A19103F-16F7-4668-BE54-9A1E7A4F7556}") = "Backend.Test", "Backend.Test\Backend.Test.csproj", "{3442CCEC-05E1-4C07-B523-35EC6CDF0E9F}"
EndProject
Project("{9A19103F-16F7-4668-BE54-9A1E7A4F7556}") = "BackendModel", "BackendModel\BackendModel.csproj", "{1AB5D54A-8739-4009-8DFE-F9972B9E1339}"
EndProject
Project("{FAE04EC0-301F-11D3-BF4B-00C04F79EFBC}") = "MobileApp.Android", "MobileApp\MobileApp.Android\MobileApp.Android.csproj", "{5719D5B6-29C2-4B81-9CC1-44F456CCA9D6}"
EndProject
Project("{FAE04EC0-301F-11D3-BF4B-00C04F79EFBC}") = "MobileApp.iOS", "MobileApp\MobileApp.iOS\MobileApp.iOS.csproj", "{13D3E24A-EE0F-4160-AC86-11916813FDA7}"
EndProject
Project("{9A19103F-16F7-4668-BE54-9A1E7A4F7556}") = "MobileApp", "MobileApp\MobileApp\MobileApp.csproj", "{038FB39E-3C99-4217-A87C-425C376EFCAD}"
EndProject
Project("{9A19103F-16F7-4668-BE54-9A1E7A4F7556}") = "CommunicationModel", "CommunicationModel\CommunicationModel.csproj", "{1E9F7BEB-36CF-4A82-B861-41FCEA00D959}"
EndProject
Global
	GlobalSection(SolutionConfigurationPlatforms) = preSolution
		Debug|Any CPU = Debug|Any CPU
		Debug|iPhone = Debug|iPhone
		Debug|iPhoneSimulator = Debug|iPhoneSimulator
		Release|Any CPU = Release|Any CPU
		Release|iPhone = Release|iPhone
		Release|iPhoneSimulator = Release|iPhoneSimulator
	EndGlobalSection
	GlobalSection(ProjectConfigurationPlatforms) = postSolution
		{5727F157-211A-40E5-A9C2-81528D199614}.Debug|Any CPU.ActiveCfg = Debug|Any CPU
		{5727F157-211A-40E5-A9C2-81528D199614}.Debug|Any CPU.Build.0 = Debug|Any CPU
		{5727F157-211A-40E5-A9C2-81528D199614}.Debug|iPhone.ActiveCfg = Debug|Any CPU
		{5727F157-211A-40E5-A9C2-81528D199614}.Debug|iPhone.Build.0 = Debug|Any CPU
		{5727F157-211A-40E5-A9C2-81528D199614}.Debug|iPhoneSimulator.ActiveCfg = Debug|Any CPU
		{5727F157-211A-40E5-A9C2-81528D199614}.Debug|iPhoneSimulator.Build.0 = Debug|Any CPU
		{5727F157-211A-40E5-A9C2-81528D199614}.Release|Any CPU.ActiveCfg = Release|Any CPU
		{5727F157-211A-40E5-A9C2-81528D199614}.Release|Any CPU.Build.0 = Release|Any CPU
		{5727F157-211A-40E5-A9C2-81528D199614}.Release|iPhone.ActiveCfg = Release|Any CPU
		{5727F157-211A-40E5-A9C2-81528D199614}.Release|iPhone.Build.0 = Release|Any CPU
		{5727F157-211A-40E5-A9C2-81528D199614}.Release|iPhoneSimulator.ActiveCfg = Release|Any CPU
		{5727F157-211A-40E5-A9C2-81528D199614}.Release|iPhoneSimulator.Build.0 = Release|Any CPU
		{3442CCEC-05E1-4C07-B523-35EC6CDF0E9F}.Debug|Any CPU.ActiveCfg = Debug|Any CPU
		{3442CCEC-05E1-4C07-B523-35EC6CDF0E9F}.Debug|Any CPU.Build.0 = Debug|Any CPU
		{3442CCEC-05E1-4C07-B523-35EC6CDF0E9F}.Debug|iPhone.ActiveCfg = Debug|Any CPU
		{3442CCEC-05E1-4C07-B523-35EC6CDF0E9F}.Debug|iPhone.Build.0 = Debug|Any CPU
		{3442CCEC-05E1-4C07-B523-35EC6CDF0E9F}.Debug|iPhoneSimulator.ActiveCfg = Debug|Any CPU
		{3442CCEC-05E1-4C07-B523-35EC6CDF0E9F}.Debug|iPhoneSimulator.Build.0 = Debug|Any CPU
		{3442CCEC-05E1-4C07-B523-35EC6CDF0E9F}.Release|Any CPU.ActiveCfg = Release|Any CPU
		{3442CCEC-05E1-4C07-B523-35EC6CDF0E9F}.Release|Any CPU.Build.0 = Release|Any CPU
		{3442CCEC-05E1-4C07-B523-35EC6CDF0E9F}.Release|iPhone.ActiveCfg = Release|Any CPU
		{3442CCEC-05E1-4C07-B523-35EC6CDF0E9F}.Release|iPhone.Build.0 = Release|Any CPU
		{3442CCEC-05E1-4C07-B523-35EC6CDF0E9F}.Release|iPhoneSimulator.ActiveCfg = Release|Any CPU
		{3442CCEC-05E1-4C07-B523-35EC6CDF0E9F}.Release|iPhoneSimulator.Build.0 = Release|Any CPU
		{1AB5D54A-8739-4009-8DFE-F9972B9E1339}.Debug|Any CPU.ActiveCfg = Debug|Any CPU
		{1AB5D54A-8739-4009-8DFE-F9972B9E1339}.Debug|Any CPU.Build.0 = Debug|Any CPU
		{1AB5D54A-8739-4009-8DFE-F9972B9E1339}.Debug|iPhone.ActiveCfg = Debug|Any CPU
		{1AB5D54A-8739-4009-8DFE-F9972B9E1339}.Debug|iPhone.Build.0 = Debug|Any CPU
		{1AB5D54A-8739-4009-8DFE-F9972B9E1339}.Debug|iPhoneSimulator.ActiveCfg = Debug|Any CPU
		{1AB5D54A-8739-4009-8DFE-F9972B9E1339}.Debug|iPhoneSimulator.Build.0 = Debug|Any CPU
		{1AB5D54A-8739-4009-8DFE-F9972B9E1339}.Release|Any CPU.ActiveCfg = Release|Any CPU
		{1AB5D54A-8739-4009-8DFE-F9972B9E1339}.Release|Any CPU.Build.0 = Release|Any CPU
		{1AB5D54A-8739-4009-8DFE-F9972B9E1339}.Release|iPhone.ActiveCfg = Release|Any CPU
		{1AB5D54A-8739-4009-8DFE-F9972B9E1339}.Release|iPhone.Build.0 = Release|Any CPU
		{1AB5D54A-8739-4009-8DFE-F9972B9E1339}.Release|iPhoneSimulator.ActiveCfg = Release|Any CPU
		{1AB5D54A-8739-4009-8DFE-F9972B9E1339}.Release|iPhoneSimulator.Build.0 = Release|Any CPU
		{5719D5B6-29C2-4B81-9CC1-44F456CCA9D6}.Debug|Any CPU.ActiveCfg = Debug|Any CPU
		{5719D5B6-29C2-4B81-9CC1-44F456CCA9D6}.Debug|Any CPU.Build.0 = Debug|Any CPU
		{5719D5B6-29C2-4B81-9CC1-44F456CCA9D6}.Debug|Any CPU.Deploy.0 = Debug|Any CPU
		{5719D5B6-29C2-4B81-9CC1-44F456CCA9D6}.Debug|iPhone.ActiveCfg = Debug|Any CPU
		{5719D5B6-29C2-4B81-9CC1-44F456CCA9D6}.Debug|iPhone.Build.0 = Debug|Any CPU
		{5719D5B6-29C2-4B81-9CC1-44F456CCA9D6}.Debug|iPhone.Deploy.0 = Debug|Any CPU
		{5719D5B6-29C2-4B81-9CC1-44F456CCA9D6}.Debug|iPhoneSimulator.ActiveCfg = Debug|Any CPU
		{5719D5B6-29C2-4B81-9CC1-44F456CCA9D6}.Debug|iPhoneSimulator.Build.0 = Debug|Any CPU
		{5719D5B6-29C2-4B81-9CC1-44F456CCA9D6}.Debug|iPhoneSimulator.Deploy.0 = Debug|Any CPU
		{5719D5B6-29C2-4B81-9CC1-44F456CCA9D6}.Release|Any CPU.ActiveCfg = Release|Any CPU
		{5719D5B6-29C2-4B81-9CC1-44F456CCA9D6}.Release|Any CPU.Build.0 = Release|Any CPU
		{5719D5B6-29C2-4B81-9CC1-44F456CCA9D6}.Release|Any CPU.Deploy.0 = Release|Any CPU
		{5719D5B6-29C2-4B81-9CC1-44F456CCA9D6}.Release|iPhone.ActiveCfg = Release|Any CPU
		{5719D5B6-29C2-4B81-9CC1-44F456CCA9D6}.Release|iPhone.Build.0 = Release|Any CPU
		{5719D5B6-29C2-4B81-9CC1-44F456CCA9D6}.Release|iPhone.Deploy.0 = Release|Any CPU
		{5719D5B6-29C2-4B81-9CC1-44F456CCA9D6}.Release|iPhoneSimulator.ActiveCfg = Release|Any CPU
		{5719D5B6-29C2-4B81-9CC1-44F456CCA9D6}.Release|iPhoneSimulator.Build.0 = Release|Any CPU
		{5719D5B6-29C2-4B81-9CC1-44F456CCA9D6}.Release|iPhoneSimulator.Deploy.0 = Release|Any CPU
		{13D3E24A-EE0F-4160-AC86-11916813FDA7}.Debug|Any CPU.ActiveCfg = Debug|iPhoneSimulator
		{13D3E24A-EE0F-4160-AC86-11916813FDA7}.Debug|iPhone.ActiveCfg = Debug|iPhone
		{13D3E24A-EE0F-4160-AC86-11916813FDA7}.Debug|iPhone.Build.0 = Debug|iPhone
		{13D3E24A-EE0F-4160-AC86-11916813FDA7}.Debug|iPhoneSimulator.ActiveCfg = Debug|iPhoneSimulator
		{13D3E24A-EE0F-4160-AC86-11916813FDA7}.Debug|iPhoneSimulator.Build.0 = Debug|iPhoneSimulator
		{13D3E24A-EE0F-4160-AC86-11916813FDA7}.Release|Any CPU.ActiveCfg = Release|iPhoneSimulator
		{13D3E24A-EE0F-4160-AC86-11916813FDA7}.Release|iPhone.ActiveCfg = Release|iPhone
		{13D3E24A-EE0F-4160-AC86-11916813FDA7}.Release|iPhone.Build.0 = Release|iPhone
		{13D3E24A-EE0F-4160-AC86-11916813FDA7}.Release|iPhoneSimulator.ActiveCfg = Release|iPhoneSimulator
		{13D3E24A-EE0F-4160-AC86-11916813FDA7}.Release|iPhoneSimulator.Build.0 = Release|iPhoneSimulator
		{038FB39E-3C99-4217-A87C-425C376EFCAD}.Debug|Any CPU.ActiveCfg = Debug|Any CPU
		{038FB39E-3C99-4217-A87C-425C376EFCAD}.Debug|Any CPU.Build.0 = Debug|Any CPU
		{038FB39E-3C99-4217-A87C-425C376EFCAD}.Debug|iPhone.ActiveCfg = Debug|Any CPU
		{038FB39E-3C99-4217-A87C-425C376EFCAD}.Debug|iPhone.Build.0 = Debug|Any CPU
		{038FB39E-3C99-4217-A87C-425C376EFCAD}.Debug|iPhoneSimulator.ActiveCfg = Debug|Any CPU
		{038FB39E-3C99-4217-A87C-425C376EFCAD}.Debug|iPhoneSimulator.Build.0 = Debug|Any CPU
		{038FB39E-3C99-4217-A87C-425C376EFCAD}.Release|Any CPU.ActiveCfg = Release|Any CPU
		{038FB39E-3C99-4217-A87C-425C376EFCAD}.Release|Any CPU.Build.0 = Release|Any CPU
		{038FB39E-3C99-4217-A87C-425C376EFCAD}.Release|iPhone.ActiveCfg = Release|Any CPU
		{038FB39E-3C99-4217-A87C-425C376EFCAD}.Release|iPhone.Build.0 = Release|Any CPU
		{038FB39E-3C99-4217-A87C-425C376EFCAD}.Release|iPhoneSimulator.ActiveCfg = Release|Any CPU
		{038FB39E-3C99-4217-A87C-425C376EFCAD}.Release|iPhoneSimulator.Build.0 = Release|Any CPU
		{1E9F7BEB-36CF-4A82-B861-41FCEA00D959}.Debug|Any CPU.ActiveCfg = Debug|Any CPU
		{1E9F7BEB-36CF-4A82-B861-41FCEA00D959}.Debug|Any CPU.Build.0 = Debug|Any CPU
		{1E9F7BEB-36CF-4A82-B861-41FCEA00D959}.Debug|iPhone.ActiveCfg = Debug|Any CPU
		{1E9F7BEB-36CF-4A82-B861-41FCEA00D959}.Debug|iPhone.Build.0 = Debug|Any CPU
		{1E9F7BEB-36CF-4A82-B861-41FCEA00D959}.Debug|iPhoneSimulator.ActiveCfg = Debug|Any CPU
		{1E9F7BEB-36CF-4A82-B861-41FCEA00D959}.Debug|iPhoneSimulator.Build.0 = Debug|Any CPU
		{1E9F7BEB-36CF-4A82-B861-41FCEA00D959}.Release|Any CPU.ActiveCfg = Release|Any CPU
		{1E9F7BEB-36CF-4A82-B861-41FCEA00D959}.Release|Any CPU.Build.0 = Release|Any CPU
		{1E9F7BEB-36CF-4A82-B861-41FCEA00D959}.Release|iPhone.ActiveCfg = Release|Any CPU
		{1E9F7BEB-36CF-4A82-B861-41FCEA00D959}.Release|iPhone.Build.0 = Release|Any CPU
		{1E9F7BEB-36CF-4A82-B861-41FCEA00D959}.Release|iPhoneSimulator.ActiveCfg = Release|Any CPU
		{1E9F7BEB-36CF-4A82-B861-41FCEA00D959}.Release|iPhoneSimulator.Build.0 = Release|Any CPU
	EndGlobalSection
	GlobalSection(SolutionProperties) = preSolution
		HideSolutionNode = FALSE
	EndGlobalSection
	GlobalSection(ExtensibilityGlobals) = postSolution
		SolutionGuid = {D4A9D55F-8C8D-43E5-848F-5132C8BAC24F}
	EndGlobalSection
EndGlobal
